Microsoft Visual Studio Solution File, Format Version 12.00
# Visual Studio Version 18
VisualStudioVersion = 18.0.0.0
MinimumVisualStudioVersion = 10.0.40219.1
Project("{66A26720-8FB5-11D2-AA7E-00C04F688DDE}") = "Client", "Client", "{D9D17DF6-F0C0-5270-BC2B-F11F7D14FA00}"
EndProject
Project("{66A26720-8FB5-11D2-AA7E-00C04F688DDE}") = "Server", "Server", "{C7D86929-2151-5464-8E8B-44778C3AA017}"
EndProject
Project("{66A26720-8FB5-11D2-AA7E-00C04F688DDE}") = "Database", "Database", "{151AB4C0-221E-5CDF-9DFC-803475C29604}"
EndProject
Project("{F184B08F-C81C-45F6-A57F-5ABD9991F28F}") = "Client.Common", "Client\Core\Client.Common.vbproj", "{CA664F7B-5B9A-5D61-BF33-D688E7F0FD09}"
EndProject
Project("{FAE04EC0-301F-11D3-BF4B-00C04F79EFBC}") = "Client.Eto.Core", "Client\Core\Client.Eto.Core.csproj", "{5711EB75-F95B-0159-26A6-BDB503388C81}"
EndProject
Project("{FAE04EC0-301F-11D3-BF4B-00C04F79EFBC}") = "Client.Engine", "Client\Engine\Client.Engine.csproj", "{5ED5BC93-1E53-59EC-BCAF-BD69B3528C8B}"
EndProject
Project("{FAE04EC0-301F-11D3-BF4B-00C04F79EFBC}") = "Client.Windows", "Client\Platforms\Windows\Client.Windows.csproj", "{C6B08055-BEA1-5257-AA82-508E520EAB35}"
EndProject
Project("{FAE04EC0-301F-11D3-BF4B-00C04F79EFBC}") = "Client.Linux", "Client\Platforms\Linux\Client.Linux.csproj", "{455FA108-C262-5E4C-A024-C5BD3F42A442}"
EndProject
Project("{FAE04EC0-301F-11D3-BF4B-00C04F79EFBC}") = "Client.macOS", "Client\Platforms\macOS\Client.macOS.csproj", "{7E6B6516-ED46-5C1D-952E-9C00A304FFC4}"
EndProject
Project("{FAE04EC0-301F-11D3-BF4B-00C04F79EFBC}") = "Server.Common", "Server\src\Server\Server.Common.csproj", "{1FF46AFA-DEA0-5CEB-9C3A-95DDB1B7EE3C}"
EndProject
Project("{FAE04EC0-301F-11D3-BF4B-00C04F79EFBC}") = "Server.Windows", "Server\Platforms\Windows\Server.Windows.csproj", "{E96343A7-7FDF-5102-A0E0-4F2DD4307C6D}"
EndProject
Project("{FAE04EC0-301F-11D3-BF4B-00C04F79EFBC}") = "Server.GTK", "Server\Platforms\GTK\Server.GTK.csproj", "{3D1EE430-E7FD-5E93-9C6B-4AECEE29C375}"
EndProject
Project("{FAE04EC0-301F-11D3-BF4B-00C04F79EFBC}") = "Server.macOS", "Server\Platforms\macOS\Server.macOS.csproj", "{16E1455E-AE18-55E8-B955-591CAEC0B63E}"
EndProject
Project("{FAE04EC0-301F-11D3-BF4B-00C04F79EFBC}") = "SpacetimeDB.Module", "Server\SpacetimeDb\StdbModule.csproj", "{C6BCCBDB-A5F2-5463-9499-38AE4143147A}"
EndProject
Global
	GlobalSection(SolutionConfigurationPlatforms) = preSolution
		Debug|Windows = Debug|Windows
		Release|Windows = Release|Windows
		Debug|Linux = Debug|Linux
		Release|Linux = Release|Linux
		Debug|macOS = Debug|macOS
		Release|macOS = Release|macOS
	EndGlobalSection
	GlobalSection(ProjectConfigurationPlatforms) = postSolution
		{5711EB75-F95B-0159-26A6-BDB503388C81}.Debug|Windows.ActiveCfg = Debug|Any CPU
		{5711EB75-F95B-0159-26A6-BDB503388C81}.Debug|Windows.Build.0 = Debug|Any CPU
		{5711EB75-F95B-0159-26A6-BDB503388C81}.Release|Windows.ActiveCfg = Release|Any CPU
		{5711EB75-F95B-0159-26A6-BDB503388C81}.Release|Windows.Build.0 = Release|Any CPU
		{5711EB75-F95B-0159-26A6-BDB503388C81}.Debug|Linux.ActiveCfg = Debug|Any CPU
		{5711EB75-F95B-0159-26A6-BDB503388C81}.Debug|Linux.Build.0 = Debug|Any CPU
		{5711EB75-F95B-0159-26A6-BDB503388C81}.Release|Linux.ActiveCfg = Release|Any CPU
		{5711EB75-F95B-0159-26A6-BDB503388C81}.Release|Linux.Build.0 = Release|Any CPU
		{5711EB75-F95B-0159-26A6-BDB503388C81}.Debug|macOS.ActiveCfg = Debug|Any CPU
		{5711EB75-F95B-0159-26A6-BDB503388C81}.Debug|macOS.Build.0 = Debug|Any CPU
		{5711EB75-F95B-0159-26A6-BDB503388C81}.Release|macOS.ActiveCfg = Release|Any CPU
		{5711EB75-F95B-0159-26A6-BDB503388C81}.Release|macOS.Build.0 = Release|Any CPU
		{CA664F7B-5B9A-5D61-BF33-D688E7F0FD09}.Debug|Windows.ActiveCfg = Debug|Any CPU
		{CA664F7B-5B9A-5D61-BF33-D688E7F0FD09}.Debug|Windows.Build.0 = Debug|Any CPU
		{CA664F7B-5B9A-5D61-BF33-D688E7F0FD09}.Release|Windows.ActiveCfg = Release|Any CPU
		{CA664F7B-5B9A-5D61-BF33-D688E7F0FD09}.Release|Windows.Build.0 = Release|Any CPU
		{CA664F7B-5B9A-5D61-BF33-D688E7F0FD09}.Debug|Linux.ActiveCfg = Debug|Any CPU
		{CA664F7B-5B9A-5D61-BF33-D688E7F0FD09}.Debug|Linux.Build.0 = Debug|Any CPU
		{CA664F7B-5B9A-5D61-BF33-D688E7F0FD09}.Release|Linux.ActiveCfg = Release|Any CPU
		{CA664F7B-5B9A-5D61-BF33-D688E7F0FD09}.Release|Linux.Build.0 = Release|Any CPU
		{CA664F7B-5B9A-5D61-BF33-D688E7F0FD09}.Debug|macOS.ActiveCfg = Debug|Any CPU
		{CA664F7B-5B9A-5D61-BF33-D688E7F0FD09}.Debug|macOS.Build.0 = Debug|Any CPU
		{CA664F7B-5B9A-5D61-BF33-D688E7F0FD09}.Release|macOS.ActiveCfg = Release|Any CPU
		{CA664F7B-5B9A-5D61-BF33-D688E7F0FD09}.Release|macOS.Build.0 = Release|Any CPU
		{5ED5BC93-1E53-59EC-BCAF-BD69B3528C8B}.Debug|Windows.ActiveCfg = Debug|Any CPU
		{5ED5BC93-1E53-59EC-BCAF-BD69B3528C8B}.Debug|Windows.Build.0 = Debug|Any CPU
		{5ED5BC93-1E53-59EC-BCAF-BD69B3528C8B}.Release|Windows.ActiveCfg = Release|Any CPU
		{5ED5BC93-1E53-59EC-BCAF-BD69B3528C8B}.Release|Windows.Build.0 = Release|Any CPU
		{5ED5BC93-1E53-59EC-BCAF-BD69B3528C8B}.Debug|Linux.ActiveCfg = Debug|Any CPU
		{5ED5BC93-1E53-59EC-BCAF-BD69B3528C8B}.Debug|Linux.Build.0 = Debug|Any CPU
		{5ED5BC93-1E53-59EC-BCAF-BD69B3528C8B}.Release|Linux.ActiveCfg = Release|Any CPU
		{5ED5BC93-1E53-59EC-BCAF-BD69B3528C8B}.Release|Linux.Build.0 = Release|Any CPU
		{5ED5BC93-1E53-59EC-BCAF-BD69B3528C8B}.Debug|macOS.ActiveCfg = Debug|Any CPU
		{5ED5BC93-1E53-59EC-BCAF-BD69B3528C8B}.Debug|macOS.Build.0 = Debug|Any CPU
		{5ED5BC93-1E53-59EC-BCAF-BD69B3528C8B}.Release|macOS.ActiveCfg = Release|Any CPU
		{5ED5BC93-1E53-59EC-BCAF-BD69B3528C8B}.Release|macOS.Build.0 = Release|Any CPU
		{C6B08055-BEA1-5257-AA82-508E520EAB35}.Debug|Windows.ActiveCfg = Debug|x64
		{C6B08055-BEA1-5257-AA82-508E520EAB35}.Debug|Windows.Build.0 = Debug|x64
		{C6B08055-BEA1-5257-AA82-508E520EAB35}.Release|Windows.ActiveCfg = Release|x64
		{C6B08055-BEA1-5257-AA82-508E520EAB35}.Release|Windows.Build.0 = Release|x64
		{C6B08055-BEA1-5257-AA82-508E520EAB35}.Debug|Linux.ActiveCfg = Debug|x64
		{C6B08055-BEA1-5257-AA82-508E520EAB35}.Release|Linux.ActiveCfg = Release|x64
		{C6B08055-BEA1-5257-AA82-508E520EAB35}.Debug|macOS.ActiveCfg = Debug|x64
		{C6B08055-BEA1-5257-AA82-508E520EAB35}.Release|macOS.ActiveCfg = Release|x64
		{455FA108-C262-5E4C-A024-C5BD3F42A442}.Debug|Windows.ActiveCfg = Debug|Any CPU
		{455FA108-C262-5E4C-A024-C5BD3F42A442}.Release|Windows.ActiveCfg = Release|Any CPU
		{455FA108-C262-5E4C-A024-C5BD3F42A442}.Debug|Linux.ActiveCfg = Debug|Any CPU
		{455FA108-C262-5E4C-A024-C5BD3F42A442}.Debug|Linux.Build.0 = Debug|Any CPU
		{455FA108-C262-5E4C-A024-C5BD3F42A442}.Release|Linux.ActiveCfg = Release|Any CPU
		{455FA108-C262-5E4C-A024-C5BD3F42A442}.Release|Linux.Build.0 = Release|Any CPU
		{455FA108-C262-5E4C-A024-C5BD3F42A442}.Debug|macOS.ActiveCfg = Debug|Any CPU
		{455FA108-C262-5E4C-A024-C5BD3F42A442}.Release|macOS.ActiveCfg = Release|Any CPU
		{7E6B6516-ED46-5C1D-952E-9C00A304FFC4}.Debug|Windows.ActiveCfg = Debug|Any CPU
		{7E6B6516-ED46-5C1D-952E-9C00A304FFC4}.Release|Windows.ActiveCfg = Release|Any CPU
		{7E6B6516-ED46-5C1D-952E-9C00A304FFC4}.Debug|Linux.ActiveCfg = Debug|Any CPU
		{7E6B6516-ED46-5C1D-952E-9C00A304FFC4}.Release|Linux.ActiveCfg = Release|Any CPU
		{7E6B6516-ED46-5C1D-952E-9C00A304FFC4}.Debug|macOS.ActiveCfg = Debug|Any CPU
		{7E6B6516-ED46-5C1D-952E-9C00A304FFC4}.Debug|macOS.Build.0 = Debug|Any CPU
		{7E6B6516-ED46-5C1D-952E-9C00A304FFC4}.Release|macOS.ActiveCfg = Release|Any CPU
		{7E6B6516-ED46-5C1D-952E-9C00A304FFC4}.Release|macOS.Build.0 = Release|Any CPU
		{1FF46AFA-DEA0-5CEB-9C3A-95DDB1B7EE3C}.Debug|Windows.ActiveCfg = Debug|Any CPU
		{1FF46AFA-DEA0-5CEB-9C3A-95DDB1B7EE3C}.Debug|Windows.Build.0 = Debug|Any CPU
		{1FF46AFA-DEA0-5CEB-9C3A-95DDB1B7EE3C}.Release|Windows.ActiveCfg = Release|Any CPU
		{1FF46AFA-DEA0-5CEB-9C3A-95DDB1B7EE3C}.Release|Windows.Build.0 = Release|Any CPU
		{1FF46AFA-DEA0-5CEB-9C3A-95DDB1B7EE3C}.Debug|Linux.ActiveCfg = Debug|Any CPU
		{1FF46AFA-DEA0-5CEB-9C3A-95DDB1B7EE3C}.Debug|Linux.Build.0 = Debug|Any CPU
		{1FF46AFA-DEA0-5CEB-9C3A-95DDB1B7EE3C}.Release|Linux.ActiveCfg = Release|Any CPU
		{1FF46AFA-DEA0-5CEB-9C3A-95DDB1B7EE3C}.Release|Linux.Build.0 = Release|Any CPU
		{1FF46AFA-DEA0-5CEB-9C3A-95DDB1B7EE3C}.Debug|macOS.ActiveCfg = Debug|Any CPU
		{1FF46AFA-DEA0-5CEB-9C3A-95DDB1B7EE3C}.Debug|macOS.Build.0 = Debug|Any CPU
		{1FF46AFA-DEA0-5CEB-9C3A-95DDB1B7EE3C}.Release|macOS.ActiveCfg = Release|Any CPU
		{1FF46AFA-DEA0-5CEB-9C3A-95DDB1B7EE3C}.Release|macOS.Build.0 = Release|Any CPU
		{E96343A7-7FDF-5102-A0E0-4F2DD4307C6D}.Debug|Windows.ActiveCfg = Debug|x64
		{E96343A7-7FDF-5102-A0E0-4F2DD4307C6D}.Debug|Windows.Build.0 = Debug|x64
		{E96343A7-7FDF-5102-A0E0-4F2DD4307C6D}.Release|Windows.ActiveCfg = Release|x64
		{E96343A7-7FDF-5102-A0E0-4F2DD4307C6D}.Release|Windows.Build.0 = Release|x64
		{E96343A7-7FDF-5102-A0E0-4F2DD4307C6D}.Debug|Linux.ActiveCfg = Debug|x64
		{E96343A7-7FDF-5102-A0E0-4F2DD4307C6D}.Release|Linux.ActiveCfg = Release|x64
		{E96343A7-7FDF-5102-A0E0-4F2DD4307C6D}.Debug|macOS.ActiveCfg = Debug|x64
		{E96343A7-7FDF-5102-A0E0-4F2DD4307C6D}.Release|macOS.ActiveCfg = Release|x64
		{3D1EE430-E7FD-5E93-9C6B-4AECEE29C375}.Debug|Windows.ActiveCfg = Debug|Any CPU
		{3D1EE430-E7FD-5E93-9C6B-4AECEE29C375}.Release|Windows.ActiveCfg = Release|Any CPU
		{3D1EE430-E7FD-5E93-9C6B-4AECEE29C375}.Debug|Linux.ActiveCfg = Debug|Any CPU
		{3D1EE430-E7FD-5E93-9C6B-4AECEE29C375}.Debug|Linux.Build.0 = Debug|Any CPU
		{3D1EE430-E7FD-5E93-9C6B-4AECEE29C375}.Release|Linux.ActiveCfg = Release|Any CPU
		{3D1EE430-E7FD-5E93-9C6B-4AECEE29C375}.Release|Linux.Build.0 = Release|Any CPU
		{3D1EE430-E7FD-5E93-9C6B-4AECEE29C375}.Debug|macOS.ActiveCfg = Debug|Any CPU
		{3D1EE430-E7FD-5E93-9C6B-4AECEE29C375}.Release|macOS.ActiveCfg = Release|Any CPU
		{16E1455E-AE18-55E8-B955-591CAEC0B63E}.Debug|Windows.ActiveCfg = Debug|Any CPU
		{16E1455E-AE18-55E8-B955-591CAEC0B63E}.Release|Windows.ActiveCfg = Release|Any CPU
		{16E1455E-AE18-55E8-B955-591CAEC0B63E}.Debug|Linux.ActiveCfg = Debug|Any CPU
		{16E1455E-AE18-55E8-B955-591CAEC0B63E}.Release|Linux.ActiveCfg = Release|Any CPU
		{16E1455E-AE18-55E8-B955-591CAEC0B63E}.Debug|macOS.ActiveCfg = Debug|Any CPU
		{16E1455E-AE18-55E8-B955-591CAEC0B63E}.Debug|macOS.Build.0 = Debug|Any CPU
		{16E1455E-AE18-55E8-B955-591CAEC0B63E}.Release|macOS.ActiveCfg = Release|Any CPU
		{16E1455E-AE18-55E8-B955-591CAEC0B63E}.Release|macOS.Build.0 = Release|Any CPU
		{C6BCCBDB-A5F2-5463-9499-38AE4143147A}.Debug|Windows.ActiveCfg = Debug|Any CPU
		{C6BCCBDB-A5F2-5463-9499-38AE4143147A}.Release|Windows.ActiveCfg = Release|Any CPU
		{C6BCCBDB-A5F2-5463-9499-38AE4143147A}.Debug|Linux.ActiveCfg = Debug|Any CPU
		{C6BCCBDB-A5F2-5463-9499-38AE4143147A}.Release|Linux.ActiveCfg = Release|Any CPU
		{C6BCCBDB-A5F2-5463-9499-38AE4143147A}.Debug|macOS.ActiveCfg = Debug|Any CPU
		{C6BCCBDB-A5F2-5463-9499-38AE4143147A}.Release|macOS.ActiveCfg = Release|Any CPU
	EndGlobalSection
	GlobalSection(SolutionProperties) = preSolution
		HideSolutionNode = FALSE
	EndGlobalSection
	GlobalSection(NestedProjects) = preSolution
		{CA664F7B-5B9A-5D61-BF33-D688E7F0FD09} = {D9D17DF6-F0C0-5270-BC2B-F11F7D14FA00}
		{5711EB75-F95B-0159-26A6-BDB503388C81} = {D9D17DF6-F0C0-5270-BC2B-F11F7D14FA00}
		{5ED5BC93-1E53-59EC-BCAF-BD69B3528C8B} = {D9D17DF6-F0C0-5270-BC2B-F11F7D14FA00}
		{C6B08055-BEA1-5257-AA82-508E520EAB35} = {D9D17DF6-F0C0-5270-BC2B-F11F7D14FA00}
		{455FA108-C262-5E4C-A024-C5BD3F42A442} = {D9D17DF6-F0C0-5270-BC2B-F11F7D14FA00}
		{7E6B6516-ED46-5C1D-952E-9C00A304FFC4} = {D9D17DF6-F0C0-5270-BC2B-F11F7D14FA00}
		{1FF46AFA-DEA0-5CEB-9C3A-95DDB1B7EE3C} = {C7D86929-2151-5464-8E8B-44778C3AA017}
		{E96343A7-7FDF-5102-A0E0-4F2DD4307C6D} = {C7D86929-2151-5464-8E8B-44778C3AA017}
		{3D1EE430-E7FD-5E93-9C6B-4AECEE29C375} = {C7D86929-2151-5464-8E8B-44778C3AA017}
		{16E1455E-AE18-55E8-B955-591CAEC0B63E} = {C7D86929-2151-5464-8E8B-44778C3AA017}
		{C6BCCBDB-A5F2-5463-9499-38AE4143147A} = {151AB4C0-221E-5CDF-9DFC-803475C29604}
	EndGlobalSection
EndGlobal
