
Microsoft Visual Studio Solution File, Format Version 12.00
# Visual Studio Version 18
VisualStudioVersion = 18.0.0.0
MinimumVisualStudioVersion = 10.0.40219.1
Project("{FAE04EC0-301F-11D3-BF4B-00C04F79EFBC}") = "Server.Common", "Server\src\Server\Server.Common.csproj", "{E8C97FD2-A0EA-4BE7-9BE2-111111111111}"
EndProject
Project("{FAE04EC0-301F-11D3-BF4B-00C04F79EFBC}") = "Server.Windows", "Server\Platforms\Windows\Server.Windows.csproj", "{E8C97FD2-A0EA-4BE7-9BE2-222222222222}"
EndProject
Project("{FAE04EC0-301F-11D3-BF4B-00C04F79EFBC}") = "Server.GTK", "Server\Platforms\GTK\Server.GTK.csproj", "{E8C97FD2-A0EA-4BE7-9BE2-333333333333}"
EndProject
Project("{FAE04EC0-301F-11D3-BF4B-00C04F79EFBC}") = "Server.macOS", "Server\Platforms\macOS\Server.macOS.csproj", "{E8C97FD2-A0EA-4BE7-9BE2-444444444444}"
EndProject
Project("{FAE04EC0-301F-11D3-BF4B-00C04F79EFBC}") = "Client.Engine", "Client\Engine\Client.Engine.csproj", "{C3D0B413-A57A-4E59-A938-33B251F92A77}"
EndProject
Project("{FAE04EC0-301F-11D3-BF4B-00C04F79EFBC}") = "Client.Common", "Client\Core\Client.Common.csproj", "{D3570625-F536-BD9B-C5D4-58B35AAC5F5B}"
EndProject
Project("{FAE04EC0-301F-11D3-BF4B-00C04F79EFBC}") = "Client.Blazor", "Client\Blazor\Client.Blazor.csproj", "{486D169A-56CF-76AD-4937-581236BD0D4C}"
EndProject
Project("{FAE04EC0-301F-11D3-BF4B-00C04F79EFBC}") = "Client.Tools", "Client\Tools\Client.Tools.csproj", "{9292A579-8E59-09EA-113D-92FE09706108}"
EndProject
Project("{FAE04EC0-301F-11D3-BF4B-00C04F79EFBC}") = "NetworkState", "Network\NetworkState\NetworkState.csproj", "{C3EB1E81-9041-4D1E-92F4-79D89B510CB2}"
EndProject
Global
	GlobalSection(SolutionConfigurationPlatforms) = preSolution
		Debug|Any CPU = Debug|Any CPU
		Release|Any CPU = Release|Any CPU
	EndGlobalSection
	GlobalSection(ProjectConfigurationPlatforms) = postSolution
		{E8C97FD2-A0EA-4BE7-9BE2-111111111111}.Debug|Any CPU.ActiveCfg = Debug|Any CPU
		{E8C97FD2-A0EA-4BE7-9BE2-111111111111}.Debug|Any CPU.Build.0 = Debug|Any CPU
		{E8C97FD2-A0EA-4BE7-9BE2-111111111111}.Release|Any CPU.ActiveCfg = Release|Any CPU
		{E8C97FD2-A0EA-4BE7-9BE2-111111111111}.Release|Any CPU.Build.0 = Release|Any CPU
		{E8C97FD2-A0EA-4BE7-9BE2-222222222222}.Debug|Any CPU.ActiveCfg = Debug|Any CPU
		{E8C97FD2-A0EA-4BE7-9BE2-222222222222}.Debug|Any CPU.Build.0 = Debug|Any CPU
		{E8C97FD2-A0EA-4BE7-9BE2-222222222222}.Release|Any CPU.ActiveCfg = Release|Any CPU
		{E8C97FD2-A0EA-4BE7-9BE2-222222222222}.Release|Any CPU.Build.0 = Release|Any CPU
		{E8C97FD2-A0EA-4BE7-9BE2-333333333333}.Debug|Any CPU.ActiveCfg = Debug|Any CPU
		{E8C97FD2-A0EA-4BE7-9BE2-333333333333}.Debug|Any CPU.Build.0 = Debug|Any CPU
		{E8C97FD2-A0EA-4BE7-9BE2-333333333333}.Release|Any CPU.ActiveCfg = Release|Any CPU
		{E8C97FD2-A0EA-4BE7-9BE2-333333333333}.Release|Any CPU.Build.0 = Release|Any CPU
		{E8C97FD2-A0EA-4BE7-9BE2-444444444444}.Debug|Any CPU.ActiveCfg = Debug|Any CPU
		{E8C97FD2-A0EA-4BE7-9BE2-444444444444}.Debug|Any CPU.Build.0 = Debug|Any CPU
		{E8C97FD2-A0EA-4BE7-9BE2-444444444444}.Release|Any CPU.ActiveCfg = Release|Any CPU
		{E8C97FD2-A0EA-4BE7-9BE2-444444444444}.Release|Any CPU.Build.0 = Release|Any CPU
		{C3D0B413-A57A-4E59-A938-33B251F92A77}.Debug|Any CPU.ActiveCfg = Debug|Any CPU
		{C3D0B413-A57A-4E59-A938-33B251F92A77}.Debug|Any CPU.Build.0 = Debug|Any CPU
		{C3D0B413-A57A-4E59-A938-33B251F92A77}.Release|Any CPU.ActiveCfg = Release|Any CPU
		{C3D0B413-A57A-4E59-A938-33B251F92A77}.Release|Any CPU.Build.0 = Release|Any CPU
		{D3570625-F536-BD9B-C5D4-58B35AAC5F5B}.Debug|Any CPU.ActiveCfg = Debug|Any CPU
		{D3570625-F536-BD9B-C5D4-58B35AAC5F5B}.Debug|Any CPU.Build.0 = Debug|Any CPU
		{D3570625-F536-BD9B-C5D4-58B35AAC5F5B}.Release|Any CPU.ActiveCfg = Release|Any CPU
		{D3570625-F536-BD9B-C5D4-58B35AAC5F5B}.Release|Any CPU.Build.0 = Release|Any CPU
		{486D169A-56CF-76AD-4937-581236BD0D4C}.Debug|Any CPU.ActiveCfg = Debug|Any CPU
		{486D169A-56CF-76AD-4937-581236BD0D4C}.Debug|Any CPU.Build.0 = Debug|Any CPU
		{486D169A-56CF-76AD-4937-581236BD0D4C}.Release|Any CPU.ActiveCfg = Release|Any CPU
		{486D169A-56CF-76AD-4937-581236BD0D4C}.Release|Any CPU.Build.0 = Release|Any CPU
		{9292A579-8E59-09EA-113D-92FE09706108}.Debug|Any CPU.ActiveCfg = Debug|Any CPU
		{9292A579-8E59-09EA-113D-92FE09706108}.Debug|Any CPU.Build.0 = Debug|Any CPU
		{9292A579-8E59-09EA-113D-92FE09706108}.Release|Any CPU.ActiveCfg = Release|Any CPU
		{9292A579-8E59-09EA-113D-92FE09706108}.Release|Any CPU.Build.0 = Release|Any CPU
		{C3EB1E81-9041-4D1E-92F4-79D89B510CB2}.Debug|Any CPU.ActiveCfg = Debug|Any CPU
		{C3EB1E81-9041-4D1E-92F4-79D89B510CB2}.Debug|Any CPU.Build.0 = Debug|Any CPU
		{C3EB1E81-9041-4D1E-92F4-79D89B510CB2}.Release|Any CPU.ActiveCfg = Release|Any CPU
		{C3EB1E81-9041-4D1E-92F4-79D89B510CB2}.Release|Any CPU.Build.0 = Release|Any CPU
	EndGlobalSection
	GlobalSection(SolutionProperties) = preSolution
		HideSolutionNode = FALSE
	EndGlobalSection
	GlobalSection(ExtensibilityGlobals) = postSolution
		SolutionGuid = {1A0E9EC3-1CE8-48A2-B98B-BD0F30304071}
	EndGlobalSection
EndGlobal
